
Microsoft Visual Studio Solution File, Format Version 12.00
# Visual Studio Version 17
VisualStudioVersion = 17.8.34330.188
MinimumVisualStudioVersion = 10.0.40219.1
Project("{FAE04EC0-301F-11D3-BF4B-00C04F79EFBC}") = "week9", "week9\week9.csproj", "{05736781-B7B9-4FE2-AE1D-B8BBCA4EE54A}"
EndProject
Global
	GlobalSection(SolutionConfigurationPlatforms) = preSolution
		Debug|Any CPU = Debug|Any CPU
		Release|Any CPU = Release|Any CPU
	EndGlobalSection
	GlobalSection(ProjectConfigurationPlatforms) = postSolution
		{05736781-B7B9-4FE2-AE1D-B8BBCA4EE54A}.Debug|Any CPU.ActiveCfg = Debug|Any CPU
		{05736781-B7B9-4FE2-AE1D-B8BBCA4EE54A}.Debug|Any CPU.Build.0 = Debug|Any CPU
		{05736781-B7B9-4FE2-AE1D-B8BBCA4EE54A}.Release|Any CPU.ActiveCfg = Release|Any CPU
		{05736781-B7B9-4FE2-AE1D-B8BBCA4EE54A}.Release|Any CPU.Build.0 = Release|Any CPU
	EndGlobalSection
	GlobalSection(SolutionProperties) = preSolution
		HideSolutionNode = FALSE
	EndGlobalSection
	GlobalSection(ExtensibilityGlobals) = postSolution
		SolutionGuid = {58DD9260-4C48-4AD6-9060-1018E5747294}
	EndGlobalSection
EndGlobal
